
Microsoft Visual Studio Solution File, Format Version 12.00
# Visual Studio 2012
Project("{FAE04EC0-301F-11D3-BF4B-00C04F79EFBC}") = "QueueTable", "QueueTable\QueueTable.csproj", "{F36EBA0C-ACA2-4FBE-9217-0CF29C91D70F}"
EndProject
Project("{00D1A9C2-B5F0-4AF3-8072-F6C62B433612}") = "QueueTable.Database", "QueueTable.Database\QueueTable.Database.sqlproj", "{A28A219A-11C3-4C2A-9C7C-752AB9CDA510}"
EndProject
Global
	GlobalSection(SolutionConfigurationPlatforms) = preSolution
		Debug|Any CPU = Debug|Any CPU
		Release|Any CPU = Release|Any CPU
	EndGlobalSection
	GlobalSection(ProjectConfigurationPlatforms) = postSolution
		{F36EBA0C-ACA2-4FBE-9217-0CF29C91D70F}.Debug|Any CPU.ActiveCfg = Debug|Any CPU
		{F36EBA0C-ACA2-4FBE-9217-0CF29C91D70F}.Debug|Any CPU.Build.0 = Debug|Any CPU
		{F36EBA0C-ACA2-4FBE-9217-0CF29C91D70F}.Release|Any CPU.ActiveCfg = Release|Any CPU
		{F36EBA0C-ACA2-4FBE-9217-0CF29C91D70F}.Release|Any CPU.Build.0 = Release|Any CPU
		{A28A219A-11C3-4C2A-9C7C-752AB9CDA510}.Debug|Any CPU.ActiveCfg = Debug|Any CPU
		{A28A219A-11C3-4C2A-9C7C-752AB9CDA510}.Debug|Any CPU.Build.0 = Debug|Any CPU
		{A28A219A-11C3-4C2A-9C7C-752AB9CDA510}.Debug|Any CPU.Deploy.0 = Debug|Any CPU
		{A28A219A-11C3-4C2A-9C7C-752AB9CDA510}.Release|Any CPU.ActiveCfg = Release|Any CPU
		{A28A219A-11C3-4C2A-9C7C-752AB9CDA510}.Release|Any CPU.Build.0 = Release|Any CPU
		{A28A219A-11C3-4C2A-9C7C-752AB9CDA510}.Release|Any CPU.Deploy.0 = Release|Any CPU
	EndGlobalSection
	GlobalSection(SolutionProperties) = preSolution
		HideSolutionNode = FALSE
	EndGlobalSection
EndGlobal
